
Microsoft Visual Studio Solution File, Format Version 12.00
Project("{FAE04EC0-301F-11D3-BF4B-00C04F79EFBC}") = "APBD03", "APBD03\APBD03.csproj", "{513DF1F0-8467-4240-9D29-A20594DD28AF}"
EndProject
Global
	GlobalSection(SolutionConfigurationPlatforms) = preSolution
		Debug|Any CPU = Debug|Any CPU
		Release|Any CPU = Release|Any CPU
	EndGlobalSection
	GlobalSection(ProjectConfigurationPlatforms) = postSolution
		{513DF1F0-8467-4240-9D29-A20594DD28AF}.Debug|Any CPU.ActiveCfg = Debug|Any CPU
		{513DF1F0-8467-4240-9D29-A20594DD28AF}.Debug|Any CPU.Build.0 = Debug|Any CPU
		{513DF1F0-8467-4240-9D29-A20594DD28AF}.Release|Any CPU.ActiveCfg = Release|Any CPU
		{513DF1F0-8467-4240-9D29-A20594DD28AF}.Release|Any CPU.Build.0 = Release|Any CPU
	EndGlobalSection
EndGlobal
